{
  "name": "predicate-bench",
  "version": "1.0.0",
  "lockfileVersion": 3,
  "requires": true,
  "packages": {
    "": {
      "name": "predicate-bench",
      "version": "1.0.0",
      "license": "MIT",
      "dependencies": {
        "@smartledger/bsv": "^9.7.0"
      },
      "bin": {
        "sci": "bin/cli.js"
      },
      "engines": {
        "node": ">=20.19.0"
      }
    },
    "node_modules/@noble/ciphers": {
      "version": "2.3.0",
      "resolved": "https://registry.npmjs.org/@noble/ciphers/-/ciphers-2.3.0.tgz",
      "integrity": "sha512-Clu/xdfgVTf9o7ngLOURaxePwR0j8sjclKEtVij10/jGulwFsPWCvvRgG/XjUVf8Nei+jLG6uwyXzUTGY1DQrw==",
      "license": "MIT",
      "engines": {
        "node": ">= 20.19.0"
      },
      "funding": {
        "url": "https://paulmillr.com/funding/"
      }
    },
    "node_modules/@noble/curves": {
      "version": "2.3.0",
      "resolved": "https://registry.npmjs.org/@noble/curves/-/curves-2.3.0.tgz",
      "integrity": "sha512-v7cY+4oWYPQszRj6ZFGzTVL7uP2TaLo1xMhWHzYC5wj0ZhOXQ5x+sBre8rF3hi8cAoi0bh1qXoovoOkdFtvqEg==",
      "license": "MIT",
      "dependencies": {
        "@noble/hashes": "2.3.0"
      },
      "engines": {
        "node": ">= 20.19.0"
      },
      "funding": {
        "url": "https://paulmillr.com/funding/"
      }
    },
    "node_modules/@noble/hashes": {
      "version": "2.3.0",
      "resolved": "https://registry.npmjs.org/@noble/hashes/-/hashes-2.3.0.tgz",
      "integrity": "sha512-oN+QwyX7VSHotibwubG3kpzbwKrfnyR6OOO+3Nk/53ADL7FmgHHz4TgrbaYKvvOw09u6QTx0oiH1cNCIOuN0CQ==",
      "license": "MIT",
      "engines": {
        "node": ">= 20.19.0"
      },
      "funding": {
        "url": "https://paulmillr.com/funding/"
      }
    },
    "node_modules/@smartledger/bsv": {
      "version": "9.7.0",
      "resolved": "https://registry.npmjs.org/@smartledger/bsv/-/bsv-9.7.0.tgz",
      "integrity": "sha512-SgpZU2zh/N7O1hhUhx8IRmW3tJE8z9Skz26ZRh0jVMUMz++HqIV0mfhK/jtD0qMjVG/Xvdy5OO515qQXm2j2FA==",
      "license": "MIT",
      "dependencies": {
        "@noble/ciphers": "^2.3.0",
        "@noble/curves": "^2.3.0",
        "@noble/hashes": "^2.3.0",
        "@types/node": "^20.19.0",
        "bn.js": "=4.12.5",
        "secrets.js-grempe": "^2.0.0"
      },
      "bin": {
        "smartledger-bsv": "bin/cli.js"
      },
      "engines": {
        "node": ">=20.19.0"
      }
    },
    "node_modules/@types/node": {
      "version": "20.19.43",
      "resolved": "https://registry.npmjs.org/@types/node/-/node-20.19.43.tgz",
      "integrity": "sha512-6oYBAi5ikg4Pl+kGsoYtawUMBT2zZMCvPNF7pVLnHZfd1zf38DRiWn/gT01RYCdUqkv7Fhr+C9ot4/tb+2sVvA==",
      "license": "MIT",
      "dependencies": {
        "undici-types": "~6.21.0"
      }
    },
    "node_modules/bn.js": {
      "version": "4.12.5",
      "resolved": "https://registry.npmjs.org/bn.js/-/bn.js-4.12.5.tgz",
      "integrity": "sha512-3aRg6/JxfffFD+OlOjOFR3Vo79l39ooBTFucxx+MT3dhCtzn3EmiUPQo+6/OZuI2jbXi3YKgmiTFBgChQMwIRQ==",
      "license": "MIT"
    },
    "node_modules/secrets.js-grempe": {
      "version": "2.0.0",
      "resolved": "https://registry.npmjs.org/secrets.js-grempe/-/secrets.js-grempe-2.0.0.tgz",
      "integrity": "sha512-4xkOIaDAg998dTFXZUJTOoVbdLHfB818SMeLJ69ABccgGEKokxsoRFupAFfAImloUSKv4QUGNMgKVbKMf6z0Ug==",
      "license": "MIT"
    },
    "node_modules/undici-types": {
      "version": "6.21.0",
      "resolved": "https://registry.npmjs.org/undici-types/-/undici-types-6.21.0.tgz",
      "integrity": "sha512-iwDZqg0QAGrg9Rav5H4n0M64c3mkR59cJ6wQp+7C4nI0gsmExaedaYLNO44eT4AtBBwjbTiGPMlt2Md0T9H9JQ==",
      "license": "MIT"
    }
  }
}
